# This file is automatically @generated by Cargo.
# It is not intended for manual editing.
version = 3

[[package]]
name = "c_compiler"
version = "0.1.0"
dependencies = [
 "low-level-ir",
]

[[package]]
name = "low-level-ir"
version = "0.7.4"
source = "git+https://github.com/Zycrasion/low-level-ir#99b19609eb0afa838714c8d8d2d172a9a528f901"
