# This file is automatically @generated by Cargo.
# It is not intended for manual editing.
version = 3

[[package]]
name = "c_compiler"
version = "0.1.0"
dependencies = [
 "low-level-ir",
]

[[package]]
name = "low-level-ir"
version = "0.11.2"
source = "git+https://github.com/Zycrasion/low-level-ir#b713ad21b400c295df429cbdf5c52baf36ef9511"
