# This file is automatically @generated by Cargo.
# It is not intended for manual editing.
version = 3

[[package]]
name = "c_compiler"
version = "0.1.0"
dependencies = [
 "low-level-ir",
]

[[package]]
name = "low-level-ir"
version = "0.3.4"
source = "git+https://github.com/Zycrasion/low-level-ir#d88b7e5d1e8c0815387fbbfe00cd21100f5c1420"
